# THIS IS AN AUTOGENERATED FILE. DO NOT EDIT THIS FILE DIRECTLY.
# yarn lockfile v1


"@types/estree@*":
  version "0.0.40"
  resolved "https://registry.npm.alibaba-inc.com/@types/estree/download/@types/estree-0.0.40.tgz#0e6cb9b9bbd098031fa19e4b4e8131bc70e5de13"
  integrity sha1-Dmy5ubvQmAMfoZ5LToExvHDl3hM=

"@types/node@*":
  version "12.12.14"
  resolved "https://registry.npm.alibaba-inc.com/@types/node/download/@types/node-12.12.14.tgz#1c1d6e3c75dba466e0326948d56e8bd72a1903d2"
  integrity sha1-HB1uPHXbpGbgMmlI1W6L1yoZA9I=

acorn@^7.1.0:
  version "7.1.0"
  resolved "https://registry.npm.alibaba-inc.com/acorn/download/acorn-7.1.0.tgz#949d36f2c292535da602283586c2477c57eb2d6c"
  integrity sha1-lJ028sKSU12mAig1hsJHfFfrLWw=

rollup@^1.27.2:
  version "1.27.6"
  resolved "https://registry.npm.alibaba-inc.com/rollup/download/rollup-1.27.6.tgz#287f255af0c76c30a60df67900e5dd8379f3147e"
  integrity sha1-KH8lWvDHbDCmDfZ5AOXdg3nzFH4=
  dependencies:
    "@types/estree" "*"
    "@types/node" "*"
    acorn "^7.1.0"
